{
    "name": "@slashtags/auth",
    "version": "0.0.1",
    "lockfileVersion": 2,
    "requires": true,
    "packages": {
        "": {
            "name": "@slashtags/auth",
            "version": "0.0.1",
            "dependencies": {
                "noise-curve-secp": "^1.0.2",
                "noise-handshake": "^1.2.2"
            }
        },
        "node_modules/blake2b": {
            "version": "2.1.3",
            "resolved": "https://registry.npmjs.org/blake2b/-/blake2b-2.1.3.tgz",
            "integrity": "sha512-pkDss4xFVbMb4270aCyGD3qLv92314Et+FsKzilCLxDz5DuZ2/1g3w4nmBbu6nKApPspnjG7JcwTjGZnduB1yg==",
            "dependencies": {
                "blake2b-wasm": "^1.1.0",
                "nanoassert": "^1.0.0"
            }
        },
        "node_modules/blake2b-wasm": {
            "version": "1.1.7",
            "resolved": "https://registry.npmjs.org/blake2b-wasm/-/blake2b-wasm-1.1.7.tgz",
            "integrity": "sha512-oFIHvXhlz/DUgF0kq5B1CqxIDjIJwh9iDeUUGQUcvgiGz7Wdw03McEO7CfLBy7QKGdsydcMCgO9jFNBAFCtFcA==",
            "dependencies": {
                "nanoassert": "^1.0.0"
            }
        },
        "node_modules/blake2b-wasm/node_modules/nanoassert": {
            "version": "1.1.0",
            "resolved": "https://registry.npmjs.org/nanoassert/-/nanoassert-1.1.0.tgz",
            "integrity": "sha1-TzFS4JVA/eKMdvRLGbvNHVpCR40="
        },
        "node_modules/blake2b/node_modules/nanoassert": {
            "version": "1.1.0",
            "resolved": "https://registry.npmjs.org/nanoassert/-/nanoassert-1.1.0.tgz",
            "integrity": "sha1-TzFS4JVA/eKMdvRLGbvNHVpCR40="
        },
        "node_modules/chacha20-universal": {
            "version": "1.0.4",
            "resolved": "https://registry.npmjs.org/chacha20-universal/-/chacha20-universal-1.0.4.tgz",
            "integrity": "sha512-/IOxdWWNa7nRabfe7+oF+jVkGjlr2xUL4J8l/OvzZhj+c9RpMqoo3Dq+5nU1j/BflRV4BKnaQ4+4oH1yBpQG1Q==",
            "dependencies": {
                "nanoassert": "^2.0.0"
            }
        },
        "node_modules/function-bind": {
            "version": "1.1.1",
            "resolved": "https://registry.npmjs.org/function-bind/-/function-bind-1.1.1.tgz",
            "integrity": "sha512-yIovAzMX49sF8Yl58fSCWJ5svSLuaibPxXQJFLmBObTuCr0Mf1KiPopGM9NiFjiYBCbfaa2Fh6breQ6ANVTI0A=="
        },
        "node_modules/has": {
            "version": "1.0.3",
            "resolved": "https://registry.npmjs.org/has/-/has-1.0.3.tgz",
            "integrity": "sha512-f2dvO0VU6Oej7RkWJGrehjbzMAjFp5/VKPp5tTpWIV4JHHZK1/BxbFRtf/siA2SWTe09caDmVtYYzWEIbBS4zw==",
            "dependencies": {
                "function-bind": "^1.1.1"
            },
            "engines": {
                "node": ">= 0.4.0"
            }
        },
        "node_modules/hmac-blake2b": {
            "version": "2.0.0",
            "resolved": "https://registry.npmjs.org/hmac-blake2b/-/hmac-blake2b-2.0.0.tgz",
            "integrity": "sha512-JbGNtM1YRd8EQH/2vNTAP1oy5lJVPlBFYZfCJTu3k8sqOUm0rRIf/3+MCd5noVykETwTbun6jEOc+4Tu78ubHA==",
            "dependencies": {
                "nanoassert": "^1.1.0",
                "sodium-native": "^3.1.1",
                "sodium-universal": "^3.0.0"
            }
        },
        "node_modules/hmac-blake2b/node_modules/nanoassert": {
            "version": "1.1.0",
            "resolved": "https://registry.npmjs.org/nanoassert/-/nanoassert-1.1.0.tgz",
            "integrity": "sha1-TzFS4JVA/eKMdvRLGbvNHVpCR40="
        },
        "node_modules/ini": {
            "version": "1.3.8",
            "resolved": "https://registry.npmjs.org/ini/-/ini-1.3.8.tgz",
            "integrity": "sha512-JV/yugV2uzW5iMRSiZAyDtQd+nxtUnjeLt0acNdw98kKLrvuRVyB80tsREOE7yvGVgalhZ6RNXCmEHkUKBKxew=="
        },
        "node_modules/is-core-module": {
            "version": "2.6.0",
            "resolved": "https://registry.npmjs.org/is-core-module/-/is-core-module-2.6.0.tgz",
            "integrity": "sha512-wShG8vs60jKfPWpF2KZRaAtvt3a20OAn7+IJ6hLPECpSABLcKtFKTTI4ZtH5QcBruBHlq+WsdHWyz0BCZW7svQ==",
            "dependencies": {
                "has": "^1.0.3"
            },
            "funding": {
                "url": "https://github.com/sponsors/ljharb"
            }
        },
        "node_modules/nanoassert": {
            "version": "2.0.0",
            "resolved": "https://registry.npmjs.org/nanoassert/-/nanoassert-2.0.0.tgz",
            "integrity": "sha512-7vO7n28+aYO4J+8w96AzhmU8G+Y/xpPDJz/se19ICsqj/momRbb9mh9ZUtkoJ5X3nTnPdhEJyc0qnM6yAsHBaA=="
        },
        "node_modules/node-gyp-build": {
            "version": "4.2.3",
            "resolved": "https://registry.npmjs.org/node-gyp-build/-/node-gyp-build-4.2.3.tgz",
            "integrity": "sha512-MN6ZpzmfNCRM+3t57PTJHgHyw/h4OWnZ6mR8P5j/uZtqQr46RRuDE/P+g3n0YR/AiYXeWixZZzaip77gdICfRg==",
            "bin": {
                "node-gyp-build": "bin.js",
                "node-gyp-build-optional": "optional.js",
                "node-gyp-build-test": "build-test.js"
            }
        },
        "node_modules/noise-curve-secp": {
            "version": "1.0.2",
            "resolved": "https://registry.npmjs.org/noise-curve-secp/-/noise-curve-secp-1.0.2.tgz",
            "integrity": "sha512-kplPdzMcgwYg7AzNW839Nox5P+PeO4KMMgJASU1sPxKP7U17oyldehF7F8FKI1qZ/kR7rqvqg6oauCreL67gfg==",
            "dependencies": {
                "nanoassert": "^2.0.0",
                "secp256k1-native": "^1.1.2",
                "sodium-universal": "^3.0.4"
            }
        },
        "node_modules/noise-handshake": {
            "version": "1.2.2",
            "resolved": "https://registry.npmjs.org/noise-handshake/-/noise-handshake-1.2.2.tgz",
            "integrity": "sha512-Nj0lfWAYb7IyAma+uTIUj8SmJF/a0w4kGxzfaBZfOu7N9gfBXqAfQoDbKMgp4DsN93DnckabYSt5m1Np8wus6Q==",
            "dependencies": {
                "hmac-blake2b": "^2.0.0",
                "nanoassert": "^2.0.0",
                "sodium-universal": "^3.0.4"
            }
        },
        "node_modules/path-parse": {
            "version": "1.0.7",
            "resolved": "https://registry.npmjs.org/path-parse/-/path-parse-1.0.7.tgz",
            "integrity": "sha512-LDJzPVEEEPR+y48z93A0Ed0yXb8pAByGWo/k5YYdYgpY2/2EsOsksJrq7lOHxryrVOn1ejG6oAp8ahvOIQD8sw=="
        },
        "node_modules/resolve": {
            "version": "1.20.0",
            "resolved": "https://registry.npmjs.org/resolve/-/resolve-1.20.0.tgz",
            "integrity": "sha512-wENBPt4ySzg4ybFQW2TT1zMQucPK95HSh/nq2CFTZVOGut2+pQvSsgtda4d26YrYcr067wjbmzOG8byDPBX63A==",
            "dependencies": {
                "is-core-module": "^2.2.0",
                "path-parse": "^1.0.6"
            },
            "funding": {
                "url": "https://github.com/sponsors/ljharb"
            }
        },
        "node_modules/secp256k1-native": {
            "version": "1.1.2",
            "resolved": "https://registry.npmjs.org/secp256k1-native/-/secp256k1-native-1.1.2.tgz",
            "integrity": "sha512-HVbtxutK1ki2+5fxVTzX+rFH8E/S6qGQI5UhuY5jLimPQJisdd4RSCitvgZDReKtBJQxUx5A9Qy6FWf7d5384Q==",
            "hasInstallScript": true,
            "dependencies": {
                "ini": "^1.3.5",
                "node-gyp-build": "^4.2.1"
            }
        },
        "node_modules/sha256-universal": {
            "version": "1.1.2",
            "resolved": "https://registry.npmjs.org/sha256-universal/-/sha256-universal-1.1.2.tgz",
            "integrity": "sha512-sheCCiEJve+8rS/fgCaXax8SpXrLzPipCvp0+VDXXjDEHw2DdYqV2PdHVNMNWZrQ3fiQjaor4rQCzYdr3g7TIA==",
            "dependencies": {
                "sha256-wasm": "^2.2.1"
            }
        },
        "node_modules/sha256-wasm": {
            "version": "2.2.1",
            "resolved": "https://registry.npmjs.org/sha256-wasm/-/sha256-wasm-2.2.1.tgz",
            "integrity": "sha512-OkqDgOpo86LzdWlpYVC/MfcQ1jytfR/wxPsGFJTWeEIyLaJg4spZTNQ40vuhYsLNDFidxqvMGae6u9VirkgqqA==",
            "dependencies": {
                "nanoassert": "^2.0.0"
            }
        },
        "node_modules/sha512-universal": {
            "version": "1.1.2",
            "resolved": "https://registry.npmjs.org/sha512-universal/-/sha512-universal-1.1.2.tgz",
            "integrity": "sha512-QGS+eFX3ycFiRl5TxIxWv5ltAYXaLpnUeLMJpnEVIB7dEI/7pw3X0kYe3msuE4XaHERReuqDKBYRrCiQsqlESQ==",
            "dependencies": {
                "sha512-wasm": "^2.3.1"
            }
        },
        "node_modules/sha512-wasm": {
            "version": "2.3.1",
            "resolved": "https://registry.npmjs.org/sha512-wasm/-/sha512-wasm-2.3.1.tgz",
            "integrity": "sha512-YxBYNsaHzTJh5gmk6AbD5aAvXktHy5LsjqbaEVdL60XslC4C7U23w2Mt8g+UDcvidr/K9aFZy3V71Y86Ech27A==",
            "dependencies": {
                "nanoassert": "^2.0.0"
            }
        },
        "node_modules/siphash24": {
            "version": "1.2.0",
            "resolved": "https://registry.npmjs.org/siphash24/-/siphash24-1.2.0.tgz",
            "integrity": "sha512-51yTA4ZqBY0tHTsBVGy3KAmMI7ArtwSOSmfFwJnZHFL+K76RMzZLx4m59HY5HSByjGHF3q+Fmcl8e5bMF160iQ==",
            "dependencies": {
                "nanoassert": "^2.0.0"
            }
        },
        "node_modules/sodium-javascript": {
            "version": "0.7.3",
            "resolved": "https://registry.npmjs.org/sodium-javascript/-/sodium-javascript-0.7.3.tgz",
            "integrity": "sha512-J2Zzj61bo41oBO4yEM9hTaNo3J98AcmFctjRg3D7+0A5cXdB1jlQOHV1qo2NavDU3BpqCfxdHW5UXCv565zh6Q==",
            "dependencies": {
                "blake2b": "^2.1.1",
                "chacha20-universal": "^1.0.4",
                "nanoassert": "^2.0.0",
                "sha256-universal": "^1.1.0",
                "sha512-universal": "^1.1.0",
                "siphash24": "^1.0.1",
                "xsalsa20": "^1.0.0"
            }
        },
        "node_modules/sodium-native": {
            "version": "3.2.1",
            "resolved": "https://registry.npmjs.org/sodium-native/-/sodium-native-3.2.1.tgz",
            "integrity": "sha512-EgDZ/Z7PxL2kCasKk7wnRkV8W9kvwuIlHuHXAxkQm3FF0MgVsjyLBXGjSRGhjE6u7rhSpk3KaMfFM23bfMysIQ==",
            "hasInstallScript": true,
            "dependencies": {
                "ini": "^1.3.5",
                "node-gyp-build": "^4.2.0"
            }
        },
        "node_modules/sodium-universal": {
            "version": "3.0.4",
            "resolved": "https://registry.npmjs.org/sodium-universal/-/sodium-universal-3.0.4.tgz",
            "integrity": "sha512-WnBQ0GDo/82shKQHZBZT9h4q4miCtxkbzcwVLsCBPWNq4qbq8BXhKICt9nPwQAsJ43ct/rF61FKu4t0druUBug==",
            "dependencies": {
                "blake2b": "^2.1.1",
                "chacha20-universal": "^1.0.4",
                "nanoassert": "^2.0.0",
                "resolve": "^1.17.0",
                "sha256-universal": "^1.1.0",
                "sha512-universal": "^1.1.0",
                "siphash24": "^1.0.1",
                "sodium-javascript": "~0.7.2",
                "sodium-native": "^3.2.0",
                "xsalsa20": "^1.0.0"
            }
        },
        "node_modules/xsalsa20": {
            "version": "1.1.0",
            "resolved": "https://registry.npmjs.org/xsalsa20/-/xsalsa20-1.1.0.tgz",
            "integrity": "sha512-zd3ytX2cm+tcSndRU+krm0eL4TMMpZE7evs5hLRAoOy6gviqLfe3qOlkjF3i5SeAkQUCeJk0lJZrEU56kHRfWw=="
        }
    },
    "dependencies": {
        "blake2b": {
            "version": "2.1.3",
            "resolved": "https://registry.npmjs.org/blake2b/-/blake2b-2.1.3.tgz",
            "integrity": "sha512-pkDss4xFVbMb4270aCyGD3qLv92314Et+FsKzilCLxDz5DuZ2/1g3w4nmBbu6nKApPspnjG7JcwTjGZnduB1yg==",
            "requires": {
                "blake2b-wasm": "^1.1.0",
                "nanoassert": "^1.0.0"
            },
            "dependencies": {
                "nanoassert": {
                    "version": "1.1.0",
                    "resolved": "https://registry.npmjs.org/nanoassert/-/nanoassert-1.1.0.tgz",
                    "integrity": "sha1-TzFS4JVA/eKMdvRLGbvNHVpCR40="
                }
            }
        },
        "blake2b-wasm": {
            "version": "1.1.7",
            "resolved": "https://registry.npmjs.org/blake2b-wasm/-/blake2b-wasm-1.1.7.tgz",
            "integrity": "sha512-oFIHvXhlz/DUgF0kq5B1CqxIDjIJwh9iDeUUGQUcvgiGz7Wdw03McEO7CfLBy7QKGdsydcMCgO9jFNBAFCtFcA==",
            "requires": {
                "nanoassert": "^1.0.0"
            },
            "dependencies": {
                "nanoassert": {
                    "version": "1.1.0",
                    "resolved": "https://registry.npmjs.org/nanoassert/-/nanoassert-1.1.0.tgz",
                    "integrity": "sha1-TzFS4JVA/eKMdvRLGbvNHVpCR40="
                }
            }
        },
        "chacha20-universal": {
            "version": "1.0.4",
            "resolved": "https://registry.npmjs.org/chacha20-universal/-/chacha20-universal-1.0.4.tgz",
            "integrity": "sha512-/IOxdWWNa7nRabfe7+oF+jVkGjlr2xUL4J8l/OvzZhj+c9RpMqoo3Dq+5nU1j/BflRV4BKnaQ4+4oH1yBpQG1Q==",
            "requires": {
                "nanoassert": "^2.0.0"
            }
        },
        "function-bind": {
            "version": "1.1.1",
            "resolved": "https://registry.npmjs.org/function-bind/-/function-bind-1.1.1.tgz",
            "integrity": "sha512-yIovAzMX49sF8Yl58fSCWJ5svSLuaibPxXQJFLmBObTuCr0Mf1KiPopGM9NiFjiYBCbfaa2Fh6breQ6ANVTI0A=="
        },
        "has": {
            "version": "1.0.3",
            "resolved": "https://registry.npmjs.org/has/-/has-1.0.3.tgz",
            "integrity": "sha512-f2dvO0VU6Oej7RkWJGrehjbzMAjFp5/VKPp5tTpWIV4JHHZK1/BxbFRtf/siA2SWTe09caDmVtYYzWEIbBS4zw==",
            "requires": {
                "function-bind": "^1.1.1"
            }
        },
        "hmac-blake2b": {
            "version": "2.0.0",
            "resolved": "https://registry.npmjs.org/hmac-blake2b/-/hmac-blake2b-2.0.0.tgz",
            "integrity": "sha512-JbGNtM1YRd8EQH/2vNTAP1oy5lJVPlBFYZfCJTu3k8sqOUm0rRIf/3+MCd5noVykETwTbun6jEOc+4Tu78ubHA==",
            "requires": {
                "nanoassert": "^1.1.0",
                "sodium-native": "^3.1.1",
                "sodium-universal": "^3.0.0"
            },
            "dependencies": {
                "nanoassert": {
                    "version": "1.1.0",
                    "resolved": "https://registry.npmjs.org/nanoassert/-/nanoassert-1.1.0.tgz",
                    "integrity": "sha1-TzFS4JVA/eKMdvRLGbvNHVpCR40="
                }
            }
        },
        "ini": {
            "version": "1.3.8",
            "resolved": "https://registry.npmjs.org/ini/-/ini-1.3.8.tgz",
            "integrity": "sha512-JV/yugV2uzW5iMRSiZAyDtQd+nxtUnjeLt0acNdw98kKLrvuRVyB80tsREOE7yvGVgalhZ6RNXCmEHkUKBKxew=="
        },
        "is-core-module": {
            "version": "2.6.0",
            "resolved": "https://registry.npmjs.org/is-core-module/-/is-core-module-2.6.0.tgz",
            "integrity": "sha512-wShG8vs60jKfPWpF2KZRaAtvt3a20OAn7+IJ6hLPECpSABLcKtFKTTI4ZtH5QcBruBHlq+WsdHWyz0BCZW7svQ==",
            "requires": {
                "has": "^1.0.3"
            }
        },
        "nanoassert": {
            "version": "2.0.0",
            "resolved": "https://registry.npmjs.org/nanoassert/-/nanoassert-2.0.0.tgz",
            "integrity": "sha512-7vO7n28+aYO4J+8w96AzhmU8G+Y/xpPDJz/se19ICsqj/momRbb9mh9ZUtkoJ5X3nTnPdhEJyc0qnM6yAsHBaA=="
        },
        "node-gyp-build": {
            "version": "4.2.3",
            "resolved": "https://registry.npmjs.org/node-gyp-build/-/node-gyp-build-4.2.3.tgz",
            "integrity": "sha512-MN6ZpzmfNCRM+3t57PTJHgHyw/h4OWnZ6mR8P5j/uZtqQr46RRuDE/P+g3n0YR/AiYXeWixZZzaip77gdICfRg=="
        },
        "noise-curve-secp": {
            "version": "1.0.2",
            "resolved": "https://registry.npmjs.org/noise-curve-secp/-/noise-curve-secp-1.0.2.tgz",
            "integrity": "sha512-kplPdzMcgwYg7AzNW839Nox5P+PeO4KMMgJASU1sPxKP7U17oyldehF7F8FKI1qZ/kR7rqvqg6oauCreL67gfg==",
            "requires": {
                "nanoassert": "^2.0.0",
                "secp256k1-native": "^1.1.2",
                "sodium-universal": "^3.0.4"
            }
        },
        "noise-handshake": {
            "version": "1.2.2",
            "resolved": "https://registry.npmjs.org/noise-handshake/-/noise-handshake-1.2.2.tgz",
            "integrity": "sha512-Nj0lfWAYb7IyAma+uTIUj8SmJF/a0w4kGxzfaBZfOu7N9gfBXqAfQoDbKMgp4DsN93DnckabYSt5m1Np8wus6Q==",
            "requires": {
                "hmac-blake2b": "^2.0.0",
                "nanoassert": "^2.0.0",
                "sodium-universal": "^3.0.4"
            }
        },
        "path-parse": {
            "version": "1.0.7",
            "resolved": "https://registry.npmjs.org/path-parse/-/path-parse-1.0.7.tgz",
            "integrity": "sha512-LDJzPVEEEPR+y48z93A0Ed0yXb8pAByGWo/k5YYdYgpY2/2EsOsksJrq7lOHxryrVOn1ejG6oAp8ahvOIQD8sw=="
        },
        "resolve": {
            "version": "1.20.0",
            "resolved": "https://registry.npmjs.org/resolve/-/resolve-1.20.0.tgz",
            "integrity": "sha512-wENBPt4ySzg4ybFQW2TT1zMQucPK95HSh/nq2CFTZVOGut2+pQvSsgtda4d26YrYcr067wjbmzOG8byDPBX63A==",
            "requires": {
                "is-core-module": "^2.2.0",
                "path-parse": "^1.0.6"
            }
        },
        "secp256k1-native": {
            "version": "1.1.2",
            "resolved": "https://registry.npmjs.org/secp256k1-native/-/secp256k1-native-1.1.2.tgz",
            "integrity": "sha512-HVbtxutK1ki2+5fxVTzX+rFH8E/S6qGQI5UhuY5jLimPQJisdd4RSCitvgZDReKtBJQxUx5A9Qy6FWf7d5384Q==",
            "requires": {
                "ini": "^1.3.5",
                "node-gyp-build": "^4.2.1"
            }
        },
        "sha256-universal": {
            "version": "1.1.2",
            "resolved": "https://registry.npmjs.org/sha256-universal/-/sha256-universal-1.1.2.tgz",
            "integrity": "sha512-sheCCiEJve+8rS/fgCaXax8SpXrLzPipCvp0+VDXXjDEHw2DdYqV2PdHVNMNWZrQ3fiQjaor4rQCzYdr3g7TIA==",
            "requires": {
                "sha256-wasm": "^2.2.1"
            }
        },
        "sha256-wasm": {
            "version": "2.2.1",
            "resolved": "https://registry.npmjs.org/sha256-wasm/-/sha256-wasm-2.2.1.tgz",
            "integrity": "sha512-OkqDgOpo86LzdWlpYVC/MfcQ1jytfR/wxPsGFJTWeEIyLaJg4spZTNQ40vuhYsLNDFidxqvMGae6u9VirkgqqA==",
            "requires": {
                "nanoassert": "^2.0.0"
            }
        },
        "sha512-universal": {
            "version": "1.1.2",
            "resolved": "https://registry.npmjs.org/sha512-universal/-/sha512-universal-1.1.2.tgz",
            "integrity": "sha512-QGS+eFX3ycFiRl5TxIxWv5ltAYXaLpnUeLMJpnEVIB7dEI/7pw3X0kYe3msuE4XaHERReuqDKBYRrCiQsqlESQ==",
            "requires": {
                "sha512-wasm": "^2.3.1"
            }
        },
        "sha512-wasm": {
            "version": "2.3.1",
            "resolved": "https://registry.npmjs.org/sha512-wasm/-/sha512-wasm-2.3.1.tgz",
            "integrity": "sha512-YxBYNsaHzTJh5gmk6AbD5aAvXktHy5LsjqbaEVdL60XslC4C7U23w2Mt8g+UDcvidr/K9aFZy3V71Y86Ech27A==",
            "requires": {
                "nanoassert": "^2.0.0"
            }
        },
        "siphash24": {
            "version": "1.2.0",
            "resolved": "https://registry.npmjs.org/siphash24/-/siphash24-1.2.0.tgz",
            "integrity": "sha512-51yTA4ZqBY0tHTsBVGy3KAmMI7ArtwSOSmfFwJnZHFL+K76RMzZLx4m59HY5HSByjGHF3q+Fmcl8e5bMF160iQ==",
            "requires": {
                "nanoassert": "^2.0.0"
            }
        },
        "sodium-javascript": {
            "version": "0.7.3",
            "resolved": "https://registry.npmjs.org/sodium-javascript/-/sodium-javascript-0.7.3.tgz",
            "integrity": "sha512-J2Zzj61bo41oBO4yEM9hTaNo3J98AcmFctjRg3D7+0A5cXdB1jlQOHV1qo2NavDU3BpqCfxdHW5UXCv565zh6Q==",
            "requires": {
                "blake2b": "^2.1.1",
                "chacha20-universal": "^1.0.4",
                "nanoassert": "^2.0.0",
                "sha256-universal": "^1.1.0",
                "sha512-universal": "^1.1.0",
                "siphash24": "^1.0.1",
                "xsalsa20": "^1.0.0"
            }
        },
        "sodium-native": {
            "version": "3.2.1",
            "resolved": "https://registry.npmjs.org/sodium-native/-/sodium-native-3.2.1.tgz",
            "integrity": "sha512-EgDZ/Z7PxL2kCasKk7wnRkV8W9kvwuIlHuHXAxkQm3FF0MgVsjyLBXGjSRGhjE6u7rhSpk3KaMfFM23bfMysIQ==",
            "requires": {
                "ini": "^1.3.5",
                "node-gyp-build": "^4.2.0"
            }
        },
        "sodium-universal": {
            "version": "3.0.4",
            "resolved": "https://registry.npmjs.org/sodium-universal/-/sodium-universal-3.0.4.tgz",
            "integrity": "sha512-WnBQ0GDo/82shKQHZBZT9h4q4miCtxkbzcwVLsCBPWNq4qbq8BXhKICt9nPwQAsJ43ct/rF61FKu4t0druUBug==",
            "requires": {
                "blake2b": "^2.1.1",
                "chacha20-universal": "^1.0.4",
                "nanoassert": "^2.0.0",
                "resolve": "^1.17.0",
                "sha256-universal": "^1.1.0",
                "sha512-universal": "^1.1.0",
                "siphash24": "^1.0.1",
                "sodium-javascript": "~0.7.2",
                "sodium-native": "^3.2.0",
                "xsalsa20": "^1.0.0"
            }
        },
        "xsalsa20": {
            "version": "1.1.0",
            "resolved": "https://registry.npmjs.org/xsalsa20/-/xsalsa20-1.1.0.tgz",
            "integrity": "sha512-zd3ytX2cm+tcSndRU+krm0eL4TMMpZE7evs5hLRAoOy6gviqLfe3qOlkjF3i5SeAkQUCeJk0lJZrEU56kHRfWw=="
        }
    }
}
